
Microsoft Visual Studio Solution File, Format Version 12.00
# Visual Studio Version 17
VisualStudioVersion = 17.7.34202.233
MinimumVisualStudioVersion = 10.0.40219.1
Project("{9A19103F-16F7-4668-BE54-9A1E7A4F7556}") = "OpenSvg", "OpenSvg\OpenSvg.csproj", "{04842913-D5DC-4209-91FE-1658FD218D9A}"
EndProject
Project("{2150E333-8FDC-42A3-9474-1A3956D46DE8}") = "Solution Items", "Solution Items", "{7AB77338-436A-4893-B233-15A55ABC9368}"
	ProjectSection(SolutionItems) = preProject
		.editorconfig = .editorconfig
		.gitignore = .gitignore
		index.md = index.md
	EndProjectSection
EndProject
Project("{9A19103F-16F7-4668-BE54-9A1E7A4F7556}") = "OpenSvg.ConsoleTest", "OpenSvg.ConsoleTest\OpenSvg.ConsoleTest.csproj", "{6AA48506-33E9-4F65-9F10-51B8DEF9DAD4}"
EndProject
Project("{9A19103F-16F7-4668-BE54-9A1E7A4F7556}") = "OpenSvg.GeoJson", "OpenSvg.GeoJson\OpenSvg.GeoJson.csproj", "{90DF9698-4D23-4CC1-98C4-73C51097487E}"
EndProject
Project("{9A19103F-16F7-4668-BE54-9A1E7A4F7556}") = "OpenSvg.Tests", "OpenSvg.Tests\OpenSvg.Tests.csproj", "{3D6DE366-1193-4114-86B8-171F3FB73186}"
EndProject
Global
	GlobalSection(SolutionConfigurationPlatforms) = preSolution
		Debug|Any CPU = Debug|Any CPU
		Release|Any CPU = Release|Any CPU
	EndGlobalSection
	GlobalSection(ProjectConfigurationPlatforms) = postSolution
		{04842913-D5DC-4209-91FE-1658FD218D9A}.Debug|Any CPU.ActiveCfg = Debug|Any CPU
		{04842913-D5DC-4209-91FE-1658FD218D9A}.Debug|Any CPU.Build.0 = Debug|Any CPU
		{04842913-D5DC-4209-91FE-1658FD218D9A}.Release|Any CPU.ActiveCfg = Release|Any CPU
		{04842913-D5DC-4209-91FE-1658FD218D9A}.Release|Any CPU.Build.0 = Release|Any CPU
		{6AA48506-33E9-4F65-9F10-51B8DEF9DAD4}.Debug|Any CPU.ActiveCfg = Debug|Any CPU
		{6AA48506-33E9-4F65-9F10-51B8DEF9DAD4}.Debug|Any CPU.Build.0 = Debug|Any CPU
		{6AA48506-33E9-4F65-9F10-51B8DEF9DAD4}.Release|Any CPU.ActiveCfg = Release|Any CPU
		{6AA48506-33E9-4F65-9F10-51B8DEF9DAD4}.Release|Any CPU.Build.0 = Release|Any CPU
		{90DF9698-4D23-4CC1-98C4-73C51097487E}.Debug|Any CPU.ActiveCfg = Debug|Any CPU
		{90DF9698-4D23-4CC1-98C4-73C51097487E}.Debug|Any CPU.Build.0 = Debug|Any CPU
		{90DF9698-4D23-4CC1-98C4-73C51097487E}.Release|Any CPU.ActiveCfg = Release|Any CPU
		{90DF9698-4D23-4CC1-98C4-73C51097487E}.Release|Any CPU.Build.0 = Release|Any CPU
		{3D6DE366-1193-4114-86B8-171F3FB73186}.Debug|Any CPU.ActiveCfg = Debug|Any CPU
		{3D6DE366-1193-4114-86B8-171F3FB73186}.Debug|Any CPU.Build.0 = Debug|Any CPU
		{3D6DE366-1193-4114-86B8-171F3FB73186}.Release|Any CPU.ActiveCfg = Release|Any CPU
		{3D6DE366-1193-4114-86B8-171F3FB73186}.Release|Any CPU.Build.0 = Release|Any CPU
	EndGlobalSection
	GlobalSection(SolutionProperties) = preSolution
		HideSolutionNode = FALSE
	EndGlobalSection
	GlobalSection(ExtensibilityGlobals) = postSolution
		SolutionGuid = {AAE9B5D8-DBD6-4965-A017-5619D25EDFA9}
	EndGlobalSection
EndGlobal
